
Microsoft Visual Studio Solution File, Format Version 12.00
# Visual Studio Version 17
VisualStudioVersion = 17.6.33801.468
MinimumVisualStudioVersion = 10.0.40219.1
Project("{FAE04EC0-301F-11D3-BF4B-00C04F79EFBC}") = "MyERP", "MyERP.csproj", "{8E4006D8-9940-44A8-A27F-55DC14BBF910}"
EndProject
Global
	GlobalSection(SolutionConfigurationPlatforms) = preSolution
		Debug|Any CPU = Debug|Any CPU
		Release|Any CPU = Release|Any CPU
	EndGlobalSection
	GlobalSection(ProjectConfigurationPlatforms) = postSolution
		{8E4006D8-9940-44A8-A27F-55DC14BBF910}.Debug|Any CPU.ActiveCfg = Debug|Any CPU
		{8E4006D8-9940-44A8-A27F-55DC14BBF910}.Debug|Any CPU.Build.0 = Debug|Any CPU
		{8E4006D8-9940-44A8-A27F-55DC14BBF910}.Release|Any CPU.ActiveCfg = Release|Any CPU
		{8E4006D8-9940-44A8-A27F-55DC14BBF910}.Release|Any CPU.Build.0 = Release|Any CPU
	EndGlobalSection
	GlobalSection(SolutionProperties) = preSolution
		HideSolutionNode = FALSE
	EndGlobalSection
	GlobalSection(ExtensibilityGlobals) = postSolution
		SolutionGuid = {7E499388-3CF6-46B2-8E58-8B67394E2BD9}
	EndGlobalSection
EndGlobal
